// !$*UTF8*$!
{
	archiveVersion = 1;
	classes = {
	};
	objectVersion = 56;
	objects = {

/* Begin PBXBuildFile section */
		AA30000100000001 /* ImageAlphaApp.swift in Sources */ = {isa = PBXBuildFile; fileRef = AA30001000000001 /* ImageAlphaApp.swift */; };
		AA30000100000002 /* ImageAlphaDocument.swift in Sources */ = {isa = PBXBuildFile; fileRef = AA30001000000002 /* ImageAlphaDocument.swift */; };
		AA30000100000003 /* DocumentModel.swift in Sources */ = {isa = PBXBuildFile; fileRef = AA30001000000003 /* DocumentModel.swift */; };
		AA30000100000004 /* Quantizer.swift in Sources */ = {isa = PBXBuildFile; fileRef = AA30001000000004 /* Quantizer.swift */; };
		AA30000100000005 /* BackgroundRenderer.swift in Sources */ = {isa = PBXBuildFile; fileRef = AA30001000000005 /* BackgroundRenderer.swift */; };
		AA30000100000006 /* ImageCanvasNSView.swift in Sources */ = {isa = PBXBuildFile; fileRef = AA30001000000006 /* ImageCanvasNSView.swift */; };
		AA30000100000007 /* ImageCanvasView.swift in Sources */ = {isa = PBXBuildFile; fileRef = AA30001000000007 /* ImageCanvasView.swift */; };
		AA30000100000008 /* SidebarView.swift in Sources */ = {isa = PBXBuildFile; fileRef = AA30001000000008 /* SidebarView.swift */; };
		AA30000100000009 /* BackgroundGridView.swift in Sources */ = {isa = PBXBuildFile; fileRef = AA30001000000009 /* BackgroundGridView.swift */; };
		AA3000010000000A /* StatusBarView.swift in Sources */ = {isa = PBXBuildFile; fileRef = AA3000100000000A /* StatusBarView.swift */; };
		AA3000010000000B /* DocumentContentView.swift in Sources */ = {isa = PBXBuildFile; fileRef = AA3000100000000B /* DocumentContentView.swift */; };
		8D15AC340486D014006FF6A4 /* Cocoa.framework in Frameworks */ = {isa = PBXBuildFile; fileRef = 1058C7A7FEA54F5311CA2CBB /* Cocoa.framework */; };
		5A1C388D1F2A3D0400E21DAC /* QuartzCore.framework in Frameworks */ = {isa = PBXBuildFile; fileRef = 5A1C38831F2A3CDB00E21DAC /* QuartzCore.framework */; };
		AA30000100000010 /* libimagequant_sys.a in Frameworks */ = {isa = PBXBuildFile; fileRef = AA30001000000010 /* libimagequant_sys.a */; };
		5A6B42DD0E96E50100ACA396 /* ImageAlpha.icns in Resources */ = {isa = PBXBuildFile; fileRef = 5A6B42DC0E96E50100ACA396 /* ImageAlpha.icns */; };
		5A3010980F55DE1B0083C154 /* textures in Resources */ = {isa = PBXBuildFile; fileRef = 5A30108D0F55DE1B0083C154 /* textures */; };
		AA30000100000020 /* Credits.rtf in Resources */ = {isa = PBXBuildFile; fileRef = AA30001000000020 /* Credits.rtf */; };
		BB30000100000001 /* DocumentModelTests.swift in Sources */ = {isa = PBXBuildFile; fileRef = BB30001000000001 /* DocumentModelTests.swift */; };
		BB30000100000002 /* BackgroundStyleTests.swift in Sources */ = {isa = PBXBuildFile; fileRef = BB30001000000002 /* BackgroundStyleTests.swift */; };
		BB30000100000003 /* QuantizerTypeTests.swift in Sources */ = {isa = PBXBuildFile; fileRef = BB30001000000003 /* QuantizerTypeTests.swift */; };
/* End PBXBuildFile section */

/* Begin PBXContainerItemProxy section */
		BB30008000000001 /* PBXContainerItemProxy */ = {
			isa = PBXContainerItemProxy;
			containerPortal = 2A37F4A9FDCFA73011CA2CEA /* Project object */;
			proxyType = 1;
			remoteGlobalIDString = 8D15AC270486D014006FF6A4;
			remoteInfo = ImageAlpha;
		};
/* End PBXContainerItemProxy section */

/* Begin PBXFileReference section */
		1058C7A7FEA54F5311CA2CBB /* Cocoa.framework */ = {isa = PBXFileReference; lastKnownFileType = wrapper.framework; name = Cocoa.framework; path = /System/Library/Frameworks/Cocoa.framework; sourceTree = "<absolute>"; };
		5A1C38831F2A3CDB00E21DAC /* QuartzCore.framework */ = {isa = PBXFileReference; lastKnownFileType = wrapper.framework; name = QuartzCore.framework; path = System/Library/Frameworks/QuartzCore.framework; sourceTree = SDKROOT; };
		AA30001000000010 /* libimagequant_sys.a */ = {isa = PBXFileReference; lastKnownFileType = archive.ar; name = libimagequant_sys.a; path = pngquant/target/release/libimagequant_sys.a; sourceTree = SOURCE_ROOT; };
		5A30108D0F55DE1B0083C154 /* textures */ = {isa = PBXFileReference; lastKnownFileType = folder; path = textures; sourceTree = "<group>"; };
		5A6B42DC0E96E50100ACA396 /* ImageAlpha.icns */ = {isa = PBXFileReference; lastKnownFileType = image.icns; path = ImageAlpha.icns; sourceTree = "<group>"; };
		8D15AC360486D014006FF6A4 /* Info.plist */ = {isa = PBXFileReference; fileEncoding = 4; lastKnownFileType = text.plist.xml; path = Info.plist; plistStructureDefinitionIdentifier = "<none>"; sourceTree = "<group>"; };
		8D15AC370486D014006FF6A4 /* ImageAlpha.app */ = {isa = PBXFileReference; explicitFileType = wrapper.application; includeInIndex = 0; path = ImageAlpha.app; sourceTree = BUILT_PRODUCTS_DIR; };
		5AED10DB139BAC1400FF5C69 /* release.xcconfig */ = {isa = PBXFileReference; lastKnownFileType = text.xcconfig; path = release.xcconfig; sourceTree = "<group>"; };
		5AED10DC139BAC1400FF5C69 /* debug.xcconfig */ = {isa = PBXFileReference; lastKnownFileType = text.xcconfig; path = debug.xcconfig; sourceTree = "<group>"; };
		AA30001000000001 /* ImageAlphaApp.swift */ = {isa = PBXFileReference; lastKnownFileType = sourcecode.swift; path = ImageAlphaApp.swift; sourceTree = "<group>"; };
		AA30001000000002 /* ImageAlphaDocument.swift */ = {isa = PBXFileReference; lastKnownFileType = sourcecode.swift; path = ImageAlphaDocument.swift; sourceTree = "<group>"; };
		AA30001000000003 /* DocumentModel.swift */ = {isa = PBXFileReference; lastKnownFileType = sourcecode.swift; path = DocumentModel.swift; sourceTree = "<group>"; };
		AA30001000000004 /* Quantizer.swift */ = {isa = PBXFileReference; lastKnownFileType = sourcecode.swift; path = Quantizer.swift; sourceTree = "<group>"; };
		AA30001000000005 /* BackgroundRenderer.swift */ = {isa = PBXFileReference; lastKnownFileType = sourcecode.swift; path = BackgroundRenderer.swift; sourceTree = "<group>"; };
		AA30001000000006 /* ImageCanvasNSView.swift */ = {isa = PBXFileReference; lastKnownFileType = sourcecode.swift; path = ImageCanvasNSView.swift; sourceTree = "<group>"; };
		AA30001000000007 /* ImageCanvasView.swift */ = {isa = PBXFileReference; lastKnownFileType = sourcecode.swift; path = ImageCanvasView.swift; sourceTree = "<group>"; };
		AA30001000000008 /* SidebarView.swift */ = {isa = PBXFileReference; lastKnownFileType = sourcecode.swift; path = SidebarView.swift; sourceTree = "<group>"; };
		AA30001000000009 /* BackgroundGridView.swift */ = {isa = PBXFileReference; lastKnownFileType = sourcecode.swift; path = BackgroundGridView.swift; sourceTree = "<group>"; };
		AA3000100000000A /* StatusBarView.swift */ = {isa = PBXFileReference; lastKnownFileType = sourcecode.swift; path = StatusBarView.swift; sourceTree = "<group>"; };
		AA3000100000000B /* DocumentContentView.swift */ = {isa = PBXFileReference; lastKnownFileType = sourcecode.swift; path = DocumentContentView.swift; sourceTree = "<group>"; };
		AA3000100000000C /* ImageAlpha-Bridging-Header.h */ = {isa = PBXFileReference; lastKnownFileType = sourcecode.c.h; path = "ImageAlpha-Bridging-Header.h"; sourceTree = "<group>"; };
		AA3000100000000D /* libimagequant.h */ = {isa = PBXFileReference; lastKnownFileType = sourcecode.c.h; path = libimagequant.h; sourceTree = "<group>"; };
		AA3000100000000E /* ImageAlpha.entitlements */ = {isa = PBXFileReference; lastKnownFileType = text.plist.entitlements; path = ImageAlpha.entitlements; sourceTree = "<group>"; };
		AA30001000000020 /* Credits.rtf */ = {isa = PBXFileReference; lastKnownFileType = text.rtf; path = Credits.rtf; sourceTree = "<group>"; };
		BB30001000000001 /* DocumentModelTests.swift */ = {isa = PBXFileReference; lastKnownFileType = sourcecode.swift; path = DocumentModelTests.swift; sourceTree = "<group>"; };
		BB30001000000002 /* BackgroundStyleTests.swift */ = {isa = PBXFileReference; lastKnownFileType = sourcecode.swift; path = BackgroundStyleTests.swift; sourceTree = "<group>"; };
		BB30001000000003 /* QuantizerTypeTests.swift */ = {isa = PBXFileReference; lastKnownFileType = sourcecode.swift; path = QuantizerTypeTests.swift; sourceTree = "<group>"; };
		BB30001000000010 /* ImageAlphaTests.xctest */ = {isa = PBXFileReference; explicitFileType = wrapper.cfbundle; includeInIndex = 0; path = ImageAlphaTests.xctest; sourceTree = BUILT_PRODUCTS_DIR; };
/* End PBXFileReference section */

/* Begin PBXFrameworksBuildPhase section */
		8D15AC330486D014006FF6A4 /* Frameworks */ = {
			isa = PBXFrameworksBuildPhase;
			buildActionMask = 2147483647;
			files = (
				8D15AC340486D014006FF6A4 /* Cocoa.framework in Frameworks */,
				5A1C388D1F2A3D0400E21DAC /* QuartzCore.framework in Frameworks */,
				AA30000100000010 /* libimagequant_sys.a in Frameworks */,
			);
			runOnlyForDeploymentPostprocessing = 0;
		};
		BB30003000000002 /* Frameworks */ = {
			isa = PBXFrameworksBuildPhase;
			buildActionMask = 2147483647;
			files = (
			);
			runOnlyForDeploymentPostprocessing = 0;
		};
/* End PBXFrameworksBuildPhase section */

/* Begin PBXGroup section */
		2A37F4AAFDCFA73011CA2CEA /* ImageAlpha */ = {
			isa = PBXGroup;
			children = (
				AA30002000000001 /* Swift Sources */,
				AA30002000000002 /* Views */,
				AA30002000000003 /* Resources */,
				AA30002000000004 /* Frameworks */,
				BB30002000000001 /* ImageAlphaTests */,
				19C28FB0FE9D524F11CA2CBB /* Products */,
				5AED10DB139BAC1400FF5C69 /* release.xcconfig */,
				5AED10DC139BAC1400FF5C69 /* debug.xcconfig */,
				AA3000100000000E /* ImageAlpha.entitlements */,
			);
			name = ImageAlpha;
			sourceTree = "<group>";
		};
		AA30002000000001 /* Swift Sources */ = {
			isa = PBXGroup;
			children = (
				AA30001000000001 /* ImageAlphaApp.swift */,
				AA30001000000002 /* ImageAlphaDocument.swift */,
				AA30001000000003 /* DocumentModel.swift */,
				AA30001000000004 /* Quantizer.swift */,
				AA30001000000005 /* BackgroundRenderer.swift */,
				AA3000100000000C /* ImageAlpha-Bridging-Header.h */,
				AA3000100000000D /* libimagequant.h */,
			);
			name = "Swift Sources";
			sourceTree = "<group>";
		};
		AA30002000000002 /* Views */ = {
			isa = PBXGroup;
			children = (
				AA30001000000006 /* ImageCanvasNSView.swift */,
				AA30001000000007 /* ImageCanvasView.swift */,
				AA30001000000008 /* SidebarView.swift */,
				AA30001000000009 /* BackgroundGridView.swift */,
				AA3000100000000A /* StatusBarView.swift */,
				AA3000100000000B /* DocumentContentView.swift */,
			);
			name = Views;
			path = Views;
			sourceTree = "<group>";
		};
		AA30002000000003 /* Resources */ = {
			isa = PBXGroup;
			children = (
				8D15AC360486D014006FF6A4 /* Info.plist */,
				5A6B42DC0E96E50100ACA396 /* ImageAlpha.icns */,
				5A30108D0F55DE1B0083C154 /* textures */,
				AA30001000000020 /* Credits.rtf */,
			);
			name = Resources;
			sourceTree = "<group>";
		};
		AA30002000000004 /* Frameworks */ = {
			isa = PBXGroup;
			children = (
				1058C7A7FEA54F5311CA2CBB /* Cocoa.framework */,
				5A1C38831F2A3CDB00E21DAC /* QuartzCore.framework */,
				AA30001000000010 /* libimagequant_sys.a */,
			);
			name = Frameworks;
			sourceTree = "<group>";
		};
		19C28FB0FE9D524F11CA2CBB /* Products */ = {
			isa = PBXGroup;
			children = (
				8D15AC370486D014006FF6A4 /* ImageAlpha.app */,
				BB30001000000010 /* ImageAlphaTests.xctest */,
			);
			name = Products;
			sourceTree = "<group>";
		};
		BB30002000000001 /* ImageAlphaTests */ = {
			isa = PBXGroup;
			children = (
				BB30001000000001 /* DocumentModelTests.swift */,
				BB30001000000002 /* BackgroundStyleTests.swift */,
				BB30001000000003 /* QuantizerTypeTests.swift */,
			);
			name = ImageAlphaTests;
			path = ImageAlphaTests;
			sourceTree = "<group>";
		};
/* End PBXGroup section */

/* Begin PBXNativeTarget section */
		8D15AC270486D014006FF6A4 /* ImageAlpha */ = {
			isa = PBXNativeTarget;
			buildConfigurationList = C05733C708A9546B00998B17 /* Build configuration list for PBXNativeTarget "ImageAlpha" */;
			buildPhases = (
				8D15AC2B0486D014006FF6A4 /* Resources */,
				8D15AC300486D014006FF6A4 /* Sources */,
				8D15AC330486D014006FF6A4 /* Frameworks */,
			);
			buildRules = (
			);
			dependencies = (
			);
			name = ImageAlpha;
			productInstallPath = "$(HOME)/Applications";
			productName = ImageAlpha;
			productReference = 8D15AC370486D014006FF6A4 /* ImageAlpha.app */;
			productType = "com.apple.product-type.application";
		};
		BB30004000000001 /* ImageAlphaTests */ = {
			isa = PBXNativeTarget;
			buildConfigurationList = BB30005000000001 /* Build configuration list for PBXNativeTarget "ImageAlphaTests" */;
			buildPhases = (
				BB30003000000001 /* Sources */,
				BB30003000000002 /* Frameworks */,
			);
			buildRules = (
			);
			dependencies = (
				BB30007000000001 /* PBXTargetDependency */,
			);
			name = ImageAlphaTests;
			productName = ImageAlphaTests;
			productReference = BB30001000000010 /* ImageAlphaTests.xctest */;
			productType = "com.apple.product-type.bundle.unit-test";
		};
/* End PBXNativeTarget section */

/* Begin PBXProject section */
		2A37F4A9FDCFA73011CA2CEA /* Project object */ = {
			isa = PBXProject;
			attributes = {
				BuildIndependentTargetsInParallel = YES;
				LastUpgradeCheck = 1500;
				TargetAttributes = {
					8D15AC270486D014006FF6A4 = {
						ProvisioningStyle = Manual;
					};
					BB30004000000001 = {
						ProvisioningStyle = Automatic;
						TestTargetID = 8D15AC270486D014006FF6A4;
					};
				};
			};
			buildConfigurationList = C05733CB08A9546B00998B17 /* Build configuration list for PBXProject "ImageAlpha" */;
			compatibilityVersion = "Xcode 14.0";
			developmentRegion = en;
			hasScannedForEncodings = 1;
			knownRegions = (
				en,
				Base,
			);
			mainGroup = 2A37F4AAFDCFA73011CA2CEA /* ImageAlpha */;
			projectDirPath = "";
			projectRoot = "";
			targets = (
				8D15AC270486D014006FF6A4 /* ImageAlpha */,
				BB30004000000001 /* ImageAlphaTests */,
			);
		};
/* End PBXProject section */

/* Begin PBXResourcesBuildPhase section */
		8D15AC2B0486D014006FF6A4 /* Resources */ = {
			isa = PBXResourcesBuildPhase;
			buildActionMask = 2147483647;
			files = (
				5A6B42DD0E96E50100ACA396 /* ImageAlpha.icns in Resources */,
				5A3010980F55DE1B0083C154 /* textures in Resources */,
				AA30000100000020 /* Credits.rtf in Resources */,
			);
			runOnlyForDeploymentPostprocessing = 0;
		};
/* End PBXResourcesBuildPhase section */

/* Begin PBXSourcesBuildPhase section */
		8D15AC300486D014006FF6A4 /* Sources */ = {
			isa = PBXSourcesBuildPhase;
			buildActionMask = 2147483647;
			files = (
				AA30000100000001 /* ImageAlphaApp.swift in Sources */,
				AA30000100000002 /* ImageAlphaDocument.swift in Sources */,
				AA30000100000003 /* DocumentModel.swift in Sources */,
				AA30000100000004 /* Quantizer.swift in Sources */,
				AA30000100000005 /* BackgroundRenderer.swift in Sources */,
				AA30000100000006 /* ImageCanvasNSView.swift in Sources */,
				AA30000100000007 /* ImageCanvasView.swift in Sources */,
				AA30000100000008 /* SidebarView.swift in Sources */,
				AA30000100000009 /* BackgroundGridView.swift in Sources */,
				AA3000010000000A /* StatusBarView.swift in Sources */,
				AA3000010000000B /* DocumentContentView.swift in Sources */,
			);
			runOnlyForDeploymentPostprocessing = 0;
		};
		BB30003000000001 /* Sources */ = {
			isa = PBXSourcesBuildPhase;
			buildActionMask = 2147483647;
			files = (
				BB30000100000001 /* DocumentModelTests.swift in Sources */,
				BB30000100000002 /* BackgroundStyleTests.swift in Sources */,
				BB30000100000003 /* QuantizerTypeTests.swift in Sources */,
			);
			runOnlyForDeploymentPostprocessing = 0;
		};
/* End PBXSourcesBuildPhase section */

/* Begin PBXTargetDependency section */
		BB30007000000001 /* PBXTargetDependency */ = {
			isa = PBXTargetDependency;
			target = 8D15AC270486D014006FF6A4 /* ImageAlpha */;
			targetProxy = BB30008000000001 /* PBXContainerItemProxy */;
		};
/* End PBXTargetDependency section */

/* Begin XCBuildConfiguration section */
		C05733C808A9546B00998B17 /* Debug */ = {
			isa = XCBuildConfiguration;
			buildSettings = {
				ARCHS = arm64;
				CODE_SIGN_ENTITLEMENTS = ImageAlpha.entitlements;
				CODE_SIGN_IDENTITY = "Apple Development";
				CODE_SIGN_STYLE = Manual;
				COPY_PHASE_STRIP = NO;
				DEVELOPMENT_TEAM = "$(DEVELOPMENT_TEAM)";
				FRAMEWORK_SEARCH_PATHS = (
					"$(inherited)",
					"\"$(SRCROOT)\"",
				);
				GCC_DYNAMIC_NO_PIC = NO;
				GCC_OPTIMIZATION_LEVEL = 0;
				INFOPLIST_FILE = Info.plist;
				INSTALL_PATH = "$(HOME)/Applications";
				LIBRARY_SEARCH_PATHS = (
					"$(inherited)",
					"$(SRCROOT)/pngquant/target/release",
				);
				MACOSX_DEPLOYMENT_TARGET = 15.0;
				PRODUCT_BUNDLE_IDENTIFIER = net.pornel.ImageAlpha;
				PRODUCT_NAME = ImageAlpha;
				PROVISIONING_PROFILE_SPECIFIER = "";
				SWIFT_OBJC_BRIDGING_HEADER = "ImageAlpha-Bridging-Header.h";
				SWIFT_VERSION = 5.0;
				WRAPPER_EXTENSION = app;
			};
			name = Debug;
		};
		C05733C908A9546B00998B17 /* Release */ = {
			isa = XCBuildConfiguration;
			buildSettings = {
				ARCHS = arm64;
				CODE_SIGN_ENTITLEMENTS = ImageAlpha.entitlements;
				CODE_SIGN_IDENTITY = "Developer ID Application";
				CODE_SIGN_STYLE = Manual;
				DEVELOPMENT_TEAM = "$(DEVELOPMENT_TEAM)";
				FRAMEWORK_SEARCH_PATHS = (
					"$(inherited)",
					"\"$(SRCROOT)\"",
				);
				INFOPLIST_FILE = Info.plist;
				INSTALL_PATH = "$(HOME)/Applications";
				LIBRARY_SEARCH_PATHS = (
					"$(inherited)",
					"$(SRCROOT)/pngquant/target/release",
				);
				MACOSX_DEPLOYMENT_TARGET = 15.0;
				PRODUCT_BUNDLE_IDENTIFIER = net.pornel.ImageAlpha;
				PRODUCT_NAME = ImageAlpha;
				PROVISIONING_PROFILE_SPECIFIER = "";
				SWIFT_OBJC_BRIDGING_HEADER = "ImageAlpha-Bridging-Header.h";
				SWIFT_VERSION = 5.0;
				WRAPPER_EXTENSION = app;
			};
			name = Release;
		};
		C05733CC08A9546B00998B17 /* Debug */ = {
			isa = XCBuildConfiguration;
			baseConfigurationReference = 5AED10DC139BAC1400FF5C69 /* debug.xcconfig */;
			buildSettings = {
				CLANG_ANALYZER_LOCALIZABILITY_NONLOCALIZED = YES;
				CLANG_WARN_BLOCK_CAPTURE_AUTORELEASING = YES;
				CLANG_WARN_BOOL_CONVERSION = YES;
				CLANG_WARN_COMMA = YES;
				CLANG_WARN_CONSTANT_CONVERSION = YES;
				CLANG_WARN_EMPTY_BODY = YES;
				CLANG_WARN_ENUM_CONVERSION = YES;
				CLANG_WARN_INFINITE_RECURSION = YES;
				CLANG_WARN_INT_CONVERSION = YES;
				CLANG_WARN_NON_LITERAL_NULL_CONVERSION = YES;
				CLANG_WARN_OBJC_LITERAL_CONVERSION = YES;
				CLANG_WARN_RANGE_LOOP_ANALYSIS = YES;
				CLANG_WARN_STRICT_PROTOTYPES = YES;
				CLANG_WARN_SUSPICIOUS_MOVE = YES;
				CLANG_WARN_UNREACHABLE_CODE = YES;
				CLANG_WARN__DUPLICATE_METHOD_MATCH = YES;
				ENABLE_STRICT_OBJC_MSGSEND = YES;
				ENABLE_TESTABILITY = YES;
				GCC_NO_COMMON_BLOCKS = YES;
				GCC_WARN_64_TO_32_BIT_CONVERSION = YES;
				GCC_WARN_ABOUT_RETURN_TYPE = YES;
				GCC_WARN_UNDECLARED_SELECTOR = YES;
				GCC_WARN_UNUSED_VARIABLE = YES;
				ONLY_ACTIVE_ARCH = YES;
			};
			name = Debug;
		};
		C05733CD08A9546B00998B17 /* Release */ = {
			isa = XCBuildConfiguration;
			baseConfigurationReference = 5AED10DB139BAC1400FF5C69 /* release.xcconfig */;
			buildSettings = {
				CLANG_ANALYZER_LOCALIZABILITY_NONLOCALIZED = YES;
				CLANG_WARN_BLOCK_CAPTURE_AUTORELEASING = YES;
				CLANG_WARN_BOOL_CONVERSION = YES;
				CLANG_WARN_COMMA = YES;
				CLANG_WARN_CONSTANT_CONVERSION = YES;
				CLANG_WARN_EMPTY_BODY = YES;
				CLANG_WARN_ENUM_CONVERSION = YES;
				CLANG_WARN_INFINITE_RECURSION = YES;
				CLANG_WARN_INT_CONVERSION = YES;
				CLANG_WARN_NON_LITERAL_NULL_CONVERSION = YES;
				CLANG_WARN_OBJC_LITERAL_CONVERSION = YES;
				CLANG_WARN_RANGE_LOOP_ANALYSIS = YES;
				CLANG_WARN_STRICT_PROTOTYPES = YES;
				CLANG_WARN_SUSPICIOUS_MOVE = YES;
				CLANG_WARN_UNREACHABLE_CODE = YES;
				CLANG_WARN__DUPLICATE_METHOD_MATCH = YES;
				DEPLOYMENT_POSTPROCESSING = YES;
				ENABLE_STRICT_OBJC_MSGSEND = YES;
				GCC_FAST_MATH = YES;
				GCC_INLINES_ARE_PRIVATE_EXTERN = YES;
				GCC_NO_COMMON_BLOCKS = YES;
				GCC_OBJC_CALL_CXX_CDTORS = NO;
				GCC_STRICT_ALIASING = YES;
				GCC_SYMBOLS_PRIVATE_EXTERN = YES;
				GCC_TREAT_IMPLICIT_FUNCTION_DECLARATIONS_AS_ERRORS = YES;
				GCC_TREAT_NONCONFORMANT_CODE_ERRORS_AS_WARNINGS = YES;
				GCC_TREAT_WARNINGS_AS_ERRORS = YES;
				GCC_WARN_64_TO_32_BIT_CONVERSION = YES;
				GCC_WARN_ABOUT_MISSING_PROTOTYPES = YES;
				GCC_WARN_ABOUT_RETURN_TYPE = YES;
				GCC_WARN_CHECK_SWITCH_STATEMENTS = YES;
				GCC_WARN_FOUR_CHARACTER_CONSTANTS = NO;
				GCC_WARN_INITIALIZER_NOT_FULLY_BRACKETED = YES;
				GCC_WARN_PROTOTYPE_CONVERSION = NO;
				GCC_WARN_SHADOW = NO;
				GCC_WARN_SIGN_COMPARE = YES;
				GCC_WARN_TYPECHECK_CALLS_TO_PRINTF = YES;
				GCC_WARN_UNDECLARED_SELECTOR = YES;
				GCC_WARN_UNINITIALIZED_AUTOS = YES;
				GCC_WARN_UNUSED_FUNCTION = YES;
				GCC_WARN_UNUSED_LABEL = YES;
				GCC_WARN_UNUSED_PARAMETER = NO;
				GCC_WARN_UNUSED_VALUE = YES;
				GCC_WARN_UNUSED_VARIABLE = YES;
			};
			name = Release;
		};
		BB30006000000001 /* Debug */ = {
			isa = XCBuildConfiguration;
			buildSettings = {
				BUNDLE_LOADER = "$(TEST_HOST)";
				CODE_SIGN_STYLE = Automatic;
				GENERATE_INFOPLIST_FILE = YES;
				LIBRARY_SEARCH_PATHS = (
					"$(inherited)",
					"$(SRCROOT)/pngquant/target/release",
				);
				MACOSX_DEPLOYMENT_TARGET = 15.0;
				PRODUCT_BUNDLE_IDENTIFIER = net.pornel.ImageAlphaTests;
				PRODUCT_NAME = "$(TARGET_NAME)";
				SWIFT_OBJC_BRIDGING_HEADER = "ImageAlpha-Bridging-Header.h";
				SWIFT_VERSION = 5.0;
				TEST_HOST = "$(BUILT_PRODUCTS_DIR)/ImageAlpha.app/Contents/MacOS/ImageAlpha";
			};
			name = Debug;
		};
		BB30006000000002 /* Release */ = {
			isa = XCBuildConfiguration;
			buildSettings = {
				BUNDLE_LOADER = "$(TEST_HOST)";
				CODE_SIGN_STYLE = Automatic;
				GENERATE_INFOPLIST_FILE = YES;
				LIBRARY_SEARCH_PATHS = (
					"$(inherited)",
					"$(SRCROOT)/pngquant/target/release",
				);
				MACOSX_DEPLOYMENT_TARGET = 15.0;
				PRODUCT_BUNDLE_IDENTIFIER = net.pornel.ImageAlphaTests;
				PRODUCT_NAME = "$(TARGET_NAME)";
				SWIFT_OBJC_BRIDGING_HEADER = "ImageAlpha-Bridging-Header.h";
				SWIFT_VERSION = 5.0;
				TEST_HOST = "$(BUILT_PRODUCTS_DIR)/ImageAlpha.app/Contents/MacOS/ImageAlpha";
			};
			name = Release;
		};
/* End XCBuildConfiguration section */

/* Begin XCConfigurationList section */
		C05733C708A9546B00998B17 /* Build configuration list for PBXNativeTarget "ImageAlpha" */ = {
			isa = XCConfigurationList;
			buildConfigurations = (
				C05733C808A9546B00998B17 /* Debug */,
				C05733C908A9546B00998B17 /* Release */,
			);
			defaultConfigurationIsVisible = 0;
			defaultConfigurationName = Release;
		};
		C05733CB08A9546B00998B17 /* Build configuration list for PBXProject "ImageAlpha" */ = {
			isa = XCConfigurationList;
			buildConfigurations = (
				C05733CC08A9546B00998B17 /* Debug */,
				C05733CD08A9546B00998B17 /* Release */,
			);
			defaultConfigurationIsVisible = 0;
			defaultConfigurationName = Release;
		};
		BB30005000000001 /* Build configuration list for PBXNativeTarget "ImageAlphaTests" */ = {
			isa = XCConfigurationList;
			buildConfigurations = (
				BB30006000000001 /* Debug */,
				BB30006000000002 /* Release */,
			);
			defaultConfigurationIsVisible = 0;
			defaultConfigurationName = Release;
		};
/* End XCConfigurationList section */

	};
	rootObject = 2A37F4A9FDCFA73011CA2CEA /* Project object */;
}
